
Microsoft Visual Studio Solution File, Format Version 12.00
# Visual Studio 14
VisualStudioVersion = 14.0.25420.1
MinimumVisualStudioVersion = 10.0.40219.1
Project("{2150E333-8FDC-42A3-9474-1A3956D46DE8}") = "src", "src", "{6AC268F9-7FF5-433F-8701-1CFCD05436D3}"
EndProject
Project("{2150E333-8FDC-42A3-9474-1A3956D46DE8}") = "Solution Items", "Solution Items", "{36626867-ACAF-4AE0-8303-5AF496BD37C3}"
	ProjectSection(SolutionItems) = preProject
		global.json = global.json
		README.md = README.md
	EndProjectSection
EndProject
Project("{8BB2217D-0F2D-49D1-97BC-3654ED321F3B}") = "ConsoleEntrance", "src\ConsoleEntrance\ConsoleEntrance.xproj", "{D30CB432-9578-4185-99ED-6D0B99256C45}"
EndProject
Project("{8BB2217D-0F2D-49D1-97BC-3654ED321F3B}") = "Interfaces", "src\Interfaces\Interfaces.xproj", "{AA078325-A7D7-49C6-80BC-DB9A58A829BB}"
EndProject
Project("{8BB2217D-0F2D-49D1-97BC-3654ED321F3B}") = "TestTarget", "src\TestTarget\TestTarget.xproj", "{77269FBE-089F-4255-91FE-3CC8F9E6E4CE}"
EndProject
Global
	GlobalSection(SolutionConfigurationPlatforms) = preSolution
		Debug|Any CPU = Debug|Any CPU
		Release|Any CPU = Release|Any CPU
	EndGlobalSection
	GlobalSection(ProjectConfigurationPlatforms) = postSolution
		{D30CB432-9578-4185-99ED-6D0B99256C45}.Debug|Any CPU.ActiveCfg = Debug|Any CPU
		{D30CB432-9578-4185-99ED-6D0B99256C45}.Debug|Any CPU.Build.0 = Debug|Any CPU
		{D30CB432-9578-4185-99ED-6D0B99256C45}.Release|Any CPU.ActiveCfg = Release|Any CPU
		{D30CB432-9578-4185-99ED-6D0B99256C45}.Release|Any CPU.Build.0 = Release|Any CPU
		{AA078325-A7D7-49C6-80BC-DB9A58A829BB}.Debug|Any CPU.ActiveCfg = Debug|Any CPU
		{AA078325-A7D7-49C6-80BC-DB9A58A829BB}.Debug|Any CPU.Build.0 = Debug|Any CPU
		{AA078325-A7D7-49C6-80BC-DB9A58A829BB}.Release|Any CPU.ActiveCfg = Release|Any CPU
		{AA078325-A7D7-49C6-80BC-DB9A58A829BB}.Release|Any CPU.Build.0 = Release|Any CPU
		{77269FBE-089F-4255-91FE-3CC8F9E6E4CE}.Debug|Any CPU.ActiveCfg = Debug|Any CPU
		{77269FBE-089F-4255-91FE-3CC8F9E6E4CE}.Debug|Any CPU.Build.0 = Debug|Any CPU
		{77269FBE-089F-4255-91FE-3CC8F9E6E4CE}.Release|Any CPU.ActiveCfg = Release|Any CPU
		{77269FBE-089F-4255-91FE-3CC8F9E6E4CE}.Release|Any CPU.Build.0 = Release|Any CPU
	EndGlobalSection
	GlobalSection(SolutionProperties) = preSolution
		HideSolutionNode = FALSE
	EndGlobalSection
	GlobalSection(NestedProjects) = preSolution
		{D30CB432-9578-4185-99ED-6D0B99256C45} = {6AC268F9-7FF5-433F-8701-1CFCD05436D3}
		{AA078325-A7D7-49C6-80BC-DB9A58A829BB} = {6AC268F9-7FF5-433F-8701-1CFCD05436D3}
		{77269FBE-089F-4255-91FE-3CC8F9E6E4CE} = {6AC268F9-7FF5-433F-8701-1CFCD05436D3}
	EndGlobalSection
EndGlobal
